
Microsoft Visual Studio Solution File, Format Version 12.00
# Visual Studio Version 16
VisualStudioVersion = 16.0.30204.135
MinimumVisualStudioVersion = 10.0.40219.1
Project("{2150E333-8FDC-42A3-9474-1A3956D46DE8}") = "Building Blocks", "Building Blocks", "{144A53A2-FB47-4C12-95CC-E210AB782282}"
EndProject
Project("{2150E333-8FDC-42A3-9474-1A3956D46DE8}") = "src", "src", "{084393A0-9B1C-46A4-8CD4-A439E1DF4CE0}"
EndProject
Project("{2150E333-8FDC-42A3-9474-1A3956D46DE8}") = "Services", "Services", "{9DC33BBD-4DB4-4800-BA56-DE1624055924}"
EndProject
Project("{2150E333-8FDC-42A3-9474-1A3956D46DE8}") = "Web", "Web", "{2AEC6045-62DD-4DC4-9688-EA8364E5FC16}"
EndProject
Project("{2150E333-8FDC-42A3-9474-1A3956D46DE8}") = "Identidade", "Identidade", "{F982CC00-3B3F-491A-B86A-27980B209E6F}"
EndProject
Project("{FAE04EC0-301F-11D3-BF4B-00C04F79EFBC}") = "NSE.Identidade.API", "src\services\NSE.Identidade.API\NSE.Identidade.API.csproj", "{F0C37691-165A-4EE8-9B8C-AD05E2A0D36B}"
EndProject
Project("{2150E333-8FDC-42A3-9474-1A3956D46DE8}") = "MVC", "MVC", "{005DCD75-D9E4-4242-82D9-955FDA87A86C}"
EndProject
Project("{FAE04EC0-301F-11D3-BF4B-00C04F79EFBC}") = "NSE.WebApp.MVC", "src\web\NSE.WebApp.MVC\NSE.WebApp.MVC.csproj", "{F3138288-648D-4277-9B07-6735A620C187}"
EndProject
Project("{2150E333-8FDC-42A3-9474-1A3956D46DE8}") = "Core", "Core", "{79244EB2-0A8E-4646-A861-69A185C70E32}"
EndProject
Project("{FAE04EC0-301F-11D3-BF4B-00C04F79EFBC}") = "NSE.Core", "src\building blocks\NSE.Core\NSE.Core.csproj", "{76CBA588-C7CC-431D-AFA8-C52A2715CD1E}"
EndProject
Project("{2150E333-8FDC-42A3-9474-1A3956D46DE8}") = "Carrinho", "Carrinho", "{6E84A52E-1259-48CB-9995-1B1C12F050BA}"
EndProject
Project("{FAE04EC0-301F-11D3-BF4B-00C04F79EFBC}") = "NSE.Carrinho.API", "src\services\NSE.Carrinho.API\NSE.Carrinho.API.csproj", "{73CA62CD-7DE2-4352-8527-55F01BDB94B6}"
EndProject
Project("{2150E333-8FDC-42A3-9474-1A3956D46DE8}") = "Catalogo", "Catalogo", "{D24E110B-ED4E-43FB-BA59-872ADEFBD666}"
EndProject
Project("{FAE04EC0-301F-11D3-BF4B-00C04F79EFBC}") = "NSE.Catalogo.API", "src\services\NSE.Catalogo.API\NSE.Catalogo.API.csproj", "{7871F3E9-BB93-4901-ABAB-5E53AEF7604A}"
EndProject
Project("{2150E333-8FDC-42A3-9474-1A3956D46DE8}") = "Cliente", "Cliente", "{E678D35B-4D91-4E94-BFF1-1625839D7B15}"
EndProject
Project("{FAE04EC0-301F-11D3-BF4B-00C04F79EFBC}") = "NSE.Cliente.API", "src\services\NSE.Cliente.API\NSE.Cliente.API.csproj", "{F90412C8-1C3A-450D-A12C-19B4936FCEB9}"
EndProject
Project("{2150E333-8FDC-42A3-9474-1A3956D46DE8}") = "Pagamento", "Pagamento", "{D77A89EF-C32F-41B6-91C3-193835F97717}"
EndProject
Project("{FAE04EC0-301F-11D3-BF4B-00C04F79EFBC}") = "NSE.Pagamento.API", "src\services\NSE.Pagamento.API\NSE.Pagamento.API.csproj", "{E054554B-7F35-4EBC-8806-DE868E63341C}"
EndProject
Project("{2150E333-8FDC-42A3-9474-1A3956D46DE8}") = "Pedido", "Pedido", "{FADC2BC5-5BD3-47F3-AD70-7018A6316A4E}"
EndProject
Project("{FAE04EC0-301F-11D3-BF4B-00C04F79EFBC}") = "NSE.Pedido.API", "src\services\NSE.Pedido.API\NSE.Pedido.API.csproj", "{808CF11F-10CF-44DE-91E1-CBC23F80BA69}"
EndProject
Global
	GlobalSection(SolutionConfigurationPlatforms) = preSolution
		Debug|Any CPU = Debug|Any CPU
		Release|Any CPU = Release|Any CPU
	EndGlobalSection
	GlobalSection(ProjectConfigurationPlatforms) = postSolution
		{F0C37691-165A-4EE8-9B8C-AD05E2A0D36B}.Debug|Any CPU.ActiveCfg = Debug|Any CPU
		{F0C37691-165A-4EE8-9B8C-AD05E2A0D36B}.Debug|Any CPU.Build.0 = Debug|Any CPU
		{F0C37691-165A-4EE8-9B8C-AD05E2A0D36B}.Release|Any CPU.ActiveCfg = Release|Any CPU
		{F0C37691-165A-4EE8-9B8C-AD05E2A0D36B}.Release|Any CPU.Build.0 = Release|Any CPU
		{F3138288-648D-4277-9B07-6735A620C187}.Debug|Any CPU.ActiveCfg = Debug|Any CPU
		{F3138288-648D-4277-9B07-6735A620C187}.Debug|Any CPU.Build.0 = Debug|Any CPU
		{F3138288-648D-4277-9B07-6735A620C187}.Release|Any CPU.ActiveCfg = Release|Any CPU
		{F3138288-648D-4277-9B07-6735A620C187}.Release|Any CPU.Build.0 = Release|Any CPU
		{76CBA588-C7CC-431D-AFA8-C52A2715CD1E}.Debug|Any CPU.ActiveCfg = Debug|Any CPU
		{76CBA588-C7CC-431D-AFA8-C52A2715CD1E}.Debug|Any CPU.Build.0 = Debug|Any CPU
		{76CBA588-C7CC-431D-AFA8-C52A2715CD1E}.Release|Any CPU.ActiveCfg = Release|Any CPU
		{76CBA588-C7CC-431D-AFA8-C52A2715CD1E}.Release|Any CPU.Build.0 = Release|Any CPU
		{73CA62CD-7DE2-4352-8527-55F01BDB94B6}.Debug|Any CPU.ActiveCfg = Debug|Any CPU
		{73CA62CD-7DE2-4352-8527-55F01BDB94B6}.Debug|Any CPU.Build.0 = Debug|Any CPU
		{73CA62CD-7DE2-4352-8527-55F01BDB94B6}.Release|Any CPU.ActiveCfg = Release|Any CPU
		{73CA62CD-7DE2-4352-8527-55F01BDB94B6}.Release|Any CPU.Build.0 = Release|Any CPU
		{7871F3E9-BB93-4901-ABAB-5E53AEF7604A}.Debug|Any CPU.ActiveCfg = Debug|Any CPU
		{7871F3E9-BB93-4901-ABAB-5E53AEF7604A}.Debug|Any CPU.Build.0 = Debug|Any CPU
		{7871F3E9-BB93-4901-ABAB-5E53AEF7604A}.Release|Any CPU.ActiveCfg = Release|Any CPU
		{7871F3E9-BB93-4901-ABAB-5E53AEF7604A}.Release|Any CPU.Build.0 = Release|Any CPU
		{F90412C8-1C3A-450D-A12C-19B4936FCEB9}.Debug|Any CPU.ActiveCfg = Debug|Any CPU
		{F90412C8-1C3A-450D-A12C-19B4936FCEB9}.Debug|Any CPU.Build.0 = Debug|Any CPU
		{F90412C8-1C3A-450D-A12C-19B4936FCEB9}.Release|Any CPU.ActiveCfg = Release|Any CPU
		{F90412C8-1C3A-450D-A12C-19B4936FCEB9}.Release|Any CPU.Build.0 = Release|Any CPU
		{E054554B-7F35-4EBC-8806-DE868E63341C}.Debug|Any CPU.ActiveCfg = Debug|Any CPU
		{E054554B-7F35-4EBC-8806-DE868E63341C}.Debug|Any CPU.Build.0 = Debug|Any CPU
		{E054554B-7F35-4EBC-8806-DE868E63341C}.Release|Any CPU.ActiveCfg = Release|Any CPU
		{E054554B-7F35-4EBC-8806-DE868E63341C}.Release|Any CPU.Build.0 = Release|Any CPU
		{808CF11F-10CF-44DE-91E1-CBC23F80BA69}.Debug|Any CPU.ActiveCfg = Debug|Any CPU
		{808CF11F-10CF-44DE-91E1-CBC23F80BA69}.Debug|Any CPU.Build.0 = Debug|Any CPU
		{808CF11F-10CF-44DE-91E1-CBC23F80BA69}.Release|Any CPU.ActiveCfg = Release|Any CPU
		{808CF11F-10CF-44DE-91E1-CBC23F80BA69}.Release|Any CPU.Build.0 = Release|Any CPU
	EndGlobalSection
	GlobalSection(SolutionProperties) = preSolution
		HideSolutionNode = FALSE
	EndGlobalSection
	GlobalSection(NestedProjects) = preSolution
		{144A53A2-FB47-4C12-95CC-E210AB782282} = {084393A0-9B1C-46A4-8CD4-A439E1DF4CE0}
		{9DC33BBD-4DB4-4800-BA56-DE1624055924} = {084393A0-9B1C-46A4-8CD4-A439E1DF4CE0}
		{2AEC6045-62DD-4DC4-9688-EA8364E5FC16} = {084393A0-9B1C-46A4-8CD4-A439E1DF4CE0}
		{F982CC00-3B3F-491A-B86A-27980B209E6F} = {9DC33BBD-4DB4-4800-BA56-DE1624055924}
		{F0C37691-165A-4EE8-9B8C-AD05E2A0D36B} = {F982CC00-3B3F-491A-B86A-27980B209E6F}
		{005DCD75-D9E4-4242-82D9-955FDA87A86C} = {2AEC6045-62DD-4DC4-9688-EA8364E5FC16}
		{F3138288-648D-4277-9B07-6735A620C187} = {005DCD75-D9E4-4242-82D9-955FDA87A86C}
		{79244EB2-0A8E-4646-A861-69A185C70E32} = {144A53A2-FB47-4C12-95CC-E210AB782282}
		{76CBA588-C7CC-431D-AFA8-C52A2715CD1E} = {79244EB2-0A8E-4646-A861-69A185C70E32}
		{6E84A52E-1259-48CB-9995-1B1C12F050BA} = {9DC33BBD-4DB4-4800-BA56-DE1624055924}
		{73CA62CD-7DE2-4352-8527-55F01BDB94B6} = {6E84A52E-1259-48CB-9995-1B1C12F050BA}
		{D24E110B-ED4E-43FB-BA59-872ADEFBD666} = {9DC33BBD-4DB4-4800-BA56-DE1624055924}
		{7871F3E9-BB93-4901-ABAB-5E53AEF7604A} = {D24E110B-ED4E-43FB-BA59-872ADEFBD666}
		{E678D35B-4D91-4E94-BFF1-1625839D7B15} = {9DC33BBD-4DB4-4800-BA56-DE1624055924}
		{F90412C8-1C3A-450D-A12C-19B4936FCEB9} = {E678D35B-4D91-4E94-BFF1-1625839D7B15}
		{D77A89EF-C32F-41B6-91C3-193835F97717} = {9DC33BBD-4DB4-4800-BA56-DE1624055924}
		{E054554B-7F35-4EBC-8806-DE868E63341C} = {D77A89EF-C32F-41B6-91C3-193835F97717}
		{FADC2BC5-5BD3-47F3-AD70-7018A6316A4E} = {9DC33BBD-4DB4-4800-BA56-DE1624055924}
		{808CF11F-10CF-44DE-91E1-CBC23F80BA69} = {FADC2BC5-5BD3-47F3-AD70-7018A6316A4E}
	EndGlobalSection
	GlobalSection(ExtensibilityGlobals) = postSolution
		SolutionGuid = {A7F4746F-262D-4F13-AD9D-5CF0FA1B9412}
	EndGlobalSection
EndGlobal
